# THIS IS AN AUTOGENERATED FILE. DO NOT EDIT THIS FILE DIRECTLY.
# yarn lockfile v1


"@types/google-libphonenumber@7.4.17":
  version "7.4.17"
  resolved "https://registry.yarnpkg.com/@types/google-libphonenumber/-/google-libphonenumber-7.4.17.tgz#26974213353cb459e403a5740812115a596cf170"
  integrity sha512-NdqFHXBGxwiGjJn7dTAjcCckgxE+LbE3jik6/SNiC9ZfG4BxHJM1X6m8w+/ZpSGRN5s0+4dIL+MaD/KSXywp1g==
